// !$*UTF8*$!
{
	archiveVersion = 1;
	classes = {
	};
	objectVersion = 56;
	objects = {

/* Begin PBXBuildFile section */
		B001 /* JipjungSunganApp.swift in Sources */ = {isa = PBXBuildFile; fileRef = A001 /* JipjungSunganApp.swift */; };
		B002 /* ContentView.swift in Sources */ = {isa = PBXBuildFile; fileRef = A002 /* ContentView.swift */; };
		B003 /* StageModel.swift in Sources */ = {isa = PBXBuildFile; fileRef = A003 /* StageModel.swift */; };
		B004 /* RhythmEngine.swift in Sources */ = {isa = PBXBuildFile; fileRef = A004 /* RhythmEngine.swift */; };
		B005 /* StartView.swift in Sources */ = {isa = PBXBuildFile; fileRef = A005 /* StartView.swift */; };
		B006 /* PracticeView.swift in Sources */ = {isa = PBXBuildFile; fileRef = A006 /* PracticeView.swift */; };
		B007 /* ResultView.swift in Sources */ = {isa = PBXBuildFile; fileRef = A007 /* ResultView.swift */; };
		B008 /* HeartStageView.swift in Sources */ = {isa = PBXBuildFile; fileRef = A008 /* HeartStageView.swift */; };
		B009 /* CalendarView.swift in Sources */ = {isa = PBXBuildFile; fileRef = A009 /* CalendarView.swift */; };
		B010 /* AppColors.swift in Sources */ = {isa = PBXBuildFile; fileRef = A010 /* AppColors.swift */; };
		B011 /* Localizable.strings in Resources */ = {isa = PBXBuildFile; fileRef = A011 /* Localizable.strings */; };
		B012 /* Assets.xcassets in Resources */ = {isa = PBXBuildFile; fileRef = A012 /* Assets.xcassets */; };
		B013 /* L10n.swift in Sources */ = {isa = PBXBuildFile; fileRef = A013 /* L10n.swift */; };
		B014 /* LunarCalendarModel.swift in Sources */ = {isa = PBXBuildFile; fileRef = A014 /* LunarCalendarModel.swift */; };
		B015 /* FreePlaySelectView.swift in Sources */ = {isa = PBXBuildFile; fileRef = A015 /* FreePlaySelectView.swift */; };
		B016 /* FreePlayView.swift in Sources */ = {isa = PBXBuildFile; fileRef = A016 /* FreePlayView.swift */; };
		B017 /* MeritParticleScene.swift in Sources */ = {isa = PBXBuildFile; fileRef = A017 /* MeritParticleScene.swift */; };
		B018 /* KarmaParticleScene.swift in Sources */ = {isa = PBXBuildFile; fileRef = A018 /* KarmaParticleScene.swift */; };
		B019 /* WatchHeartManager.swift in Sources */ = {isa = PBXBuildFile; fileRef = A019 /* WatchHeartManager.swift */; };
		AF46DE415E4D42348977F865 /* moktak1.wav in Resources */ = {isa = PBXBuildFile; fileRef = 543152E34231431EAD82F5B0 /* moktak1.wav */; };
		D5AAD98A776E4473AEDCEFE5 /* moktak2.wav in Resources */ = {isa = PBXBuildFile; fileRef = 37C4AA05BADA485EA520A85B /* moktak2.wav */; };
		545BD7B80CFA4C6B8C2D87B8 /* moktak3.wav in Resources */ = {isa = PBXBuildFile; fileRef = 00E8FFD9B85D4C1DB2FCB07A /* moktak3.wav */; };
/* End PBXBuildFile section */

/* Begin PBXFileReference section */
		A001 /* JipjungSunganApp.swift */ = {isa = PBXFileReference; lastKnownFileType = sourcecode.swift; path = JipjungSunganApp.swift; sourceTree = "<group>"; };
		A002 /* ContentView.swift */ = {isa = PBXFileReference; lastKnownFileType = sourcecode.swift; path = ContentView.swift; sourceTree = "<group>"; };
		A003 /* StageModel.swift */ = {isa = PBXFileReference; lastKnownFileType = sourcecode.swift; path = StageModel.swift; sourceTree = "<group>"; };
		A004 /* RhythmEngine.swift */ = {isa = PBXFileReference; lastKnownFileType = sourcecode.swift; path = RhythmEngine.swift; sourceTree = "<group>"; };
		A005 /* StartView.swift */ = {isa = PBXFileReference; lastKnownFileType = sourcecode.swift; path = StartView.swift; sourceTree = "<group>"; };
		A006 /* PracticeView.swift */ = {isa = PBXFileReference; lastKnownFileType = sourcecode.swift; path = PracticeView.swift; sourceTree = "<group>"; };
		A007 /* ResultView.swift */ = {isa = PBXFileReference; lastKnownFileType = sourcecode.swift; path = ResultView.swift; sourceTree = "<group>"; };
		A008 /* HeartStageView.swift */ = {isa = PBXFileReference; lastKnownFileType = sourcecode.swift; path = HeartStageView.swift; sourceTree = "<group>"; };
		A009 /* CalendarView.swift */ = {isa = PBXFileReference; lastKnownFileType = sourcecode.swift; path = CalendarView.swift; sourceTree = "<group>"; };
		A010 /* AppColors.swift */ = {isa = PBXFileReference; lastKnownFileType = sourcecode.swift; path = AppColors.swift; sourceTree = "<group>"; };
		A011 /* Localizable.strings */ = {isa = PBXFileReference; lastKnownFileType = text.plist.strings; path = Localizable.strings; sourceTree = "<group>"; };
		A012 /* Assets.xcassets */ = {isa = PBXFileReference; lastKnownFileType = folder.assetcatalog; path = Assets.xcassets; sourceTree = "<group>"; };
		A013 /* L10n.swift */ = {isa = PBXFileReference; lastKnownFileType = sourcecode.swift; path = L10n.swift; sourceTree = "<group>"; };
		A014 /* LunarCalendarModel.swift */ = {isa = PBXFileReference; lastKnownFileType = sourcecode.swift; path = LunarCalendarModel.swift; sourceTree = "<group>"; };
		A015 /* FreePlaySelectView.swift */ = {isa = PBXFileReference; lastKnownFileType = sourcecode.swift; path = FreePlaySelectView.swift; sourceTree = "<group>"; };
		A016 /* FreePlayView.swift */ = {isa = PBXFileReference; lastKnownFileType = sourcecode.swift; path = FreePlayView.swift; sourceTree = "<group>"; };
		A017 /* MeritParticleScene.swift */ = {isa = PBXFileReference; lastKnownFileType = sourcecode.swift; path = MeritParticleScene.swift; sourceTree = "<group>"; };
		A018 /* KarmaParticleScene.swift */ = {isa = PBXFileReference; lastKnownFileType = sourcecode.swift; path = KarmaParticleScene.swift; sourceTree = "<group>"; };
		A019 /* WatchHeartManager.swift */ = {isa = PBXFileReference; lastKnownFileType = sourcecode.swift; path = WatchHeartManager.swift; sourceTree = "<group>"; };
		PROD /* JipjungSungan.app */ = {isa = PBXFileReference; explicitFileType = wrapper.application; includeInIndex = 0; path = JipjungSungan.app; sourceTree = BUILT_PRODUCTS_DIR; };
		543152E34231431EAD82F5B0 /* moktak1.wav */ = {isa = PBXFileReference; lastKnownFileType = audio.wav; name = moktak1.wav; path = Sounds/moktak1.wav; sourceTree = "<group>"; };
		37C4AA05BADA485EA520A85B /* moktak2.wav */ = {isa = PBXFileReference; lastKnownFileType = audio.wav; name = moktak2.wav; path = Sounds/moktak2.wav; sourceTree = "<group>"; };
		00E8FFD9B85D4C1DB2FCB07A /* moktak3.wav */ = {isa = PBXFileReference; lastKnownFileType = audio.wav; name = moktak3.wav; path = Sounds/moktak3.wav; sourceTree = "<group>"; };
/* End PBXFileReference section */

/* Begin PBXFrameworksBuildPhase section */
		FW01 = {
			isa = PBXFrameworksBuildPhase;
			buildActionMask = 2147483647;
			files = (
			);
			runOnlyForDeploymentPostprocessing = 0;
		};
/* End PBXFrameworksBuildPhase section */

/* Begin PBXGroup section */
		GRP_ROOT = {
			isa = PBXGroup;
			children = (
				GRP_APP /* JipjungSungan */,
				GRP_PROD /* Products */,
			);
			sourceTree = "<group>";
		};
		GRP_PROD /* Products */ = {
			isa = PBXGroup;
			children = (
				PROD /* JipjungSungan.app */,
			);
			name = Products;
			sourceTree = "<group>";
		};
		GRP_APP /* JipjungSungan */ = {
			isa = PBXGroup;
			children = (
				A001 /* JipjungSunganApp.swift */,
				A002 /* ContentView.swift */,
				A010 /* AppColors.swift */,
				A013 /* L10n.swift */,
				GRP_MODELS /* Models */,
				GRP_VIEWS /* Views */,
				GRP_VM /* ViewModels */,
				A012 /* Assets.xcassets */,
				A011 /* Localizable.strings */,
			
				543152E34231431EAD82F5B0 /* moktak1.wav */,
				37C4AA05BADA485EA520A85B /* moktak2.wav */,
				00E8FFD9B85D4C1DB2FCB07A /* moktak3.wav */,);
			path = JipjungSungan;
			sourceTree = "<group>";
		};
		GRP_MODELS /* Models */ = {
			isa = PBXGroup;
			children = (
				A003 /* StageModel.swift */,
				A014 /* LunarCalendarModel.swift */,
			);
			name = Models;
			path = Models;
			sourceTree = "<group>";
		};
		GRP_VIEWS /* Views */ = {
			isa = PBXGroup;
			children = (
				A005 /* StartView.swift */,
				A006 /* PracticeView.swift */,
				A007 /* ResultView.swift */,
				A008 /* HeartStageView.swift */,
				A009 /* CalendarView.swift */,
				A015 /* FreePlaySelectView.swift */,
				A016 /* FreePlayView.swift */,
				A017 /* MeritParticleScene.swift */,
				A018 /* KarmaParticleScene.swift */,
			);
			name = Views;
			path = Views;
			sourceTree = "<group>";
		};
		GRP_VM /* ViewModels */ = {
			isa = PBXGroup;
			children = (
				A004 /* RhythmEngine.swift */,
				A019 /* WatchHeartManager.swift */,
			);
			name = ViewModels;
			path = ViewModels;
			sourceTree = "<group>";
		};
/* End PBXGroup section */

/* Begin PBXNativeTarget section */
		TGT01 /* JipjungSungan */ = {
			isa = PBXNativeTarget;
			buildConfigurationList = BCL01 /* Build configuration list for PBXNativeTarget "JipjungSungan" */;
			buildPhases = (
				SRC01 /* Sources */,
				FW01 /* Frameworks */,
				RES01 /* Resources */,
			);
			buildRules = (
			);
			dependencies = (
			);
			name = JipjungSungan;
			productName = JipjungSungan;
			productReference = PROD /* JipjungSungan.app */;
			productType = "com.apple.product-type.application";
		};
/* End PBXNativeTarget section */

/* Begin PBXProject section */
		PROJ01 /* Project object */ = {
			isa = PBXProject;
			attributes = {
				BuildIndependentTargetsInParallel = 1;
				LastSwiftUpdateCheck = 1500;
				LastUpgradeCheck = 1500;
				TargetAttributes = {
					TGT01 = {
						CreatedOnToolsVersion = 15.0;
					};
				};
			};
			buildConfigurationList = BCL00 /* Build configuration list for PBXProject "JipjungSungan" */;
			compatibilityVersion = "Xcode 14.0";
			developmentRegion = ko;
			hasScannedForEncodings = 0;
			knownRegions = (
				ko,
				en,
				ja,
				"zh-Hans",
				fr,
				Base,
			);
			mainGroup = GRP_ROOT;
			productRefGroup = GRP_PROD /* Products */;
			projectDirPath = "";
			projectRoot = "";
			targets = (
				TGT01 /* JipjungSungan */,
			);
		};
/* End PBXProject section */

/* Begin PBXResourcesBuildPhase section */
		RES01 /* Resources */ = {
			isa = PBXResourcesBuildPhase;
			buildActionMask = 2147483647;
			files = (
				B011 /* Localizable.strings in Resources */,
				B012 /* Assets.xcassets in Resources */,
			);
			runOnlyForDeploymentPostprocessing = 0;
		};
/* End PBXResourcesBuildPhase section */

/* Begin PBXSourcesBuildPhase section */
		SRC01 /* Sources */ = {
			isa = PBXSourcesBuildPhase;
			buildActionMask = 2147483647;
			files = (
				B001 /* JipjungSunganApp.swift in Sources */,
				B002 /* ContentView.swift in Sources */,
				B003 /* StageModel.swift in Sources */,
				B004 /* RhythmEngine.swift in Sources */,
				B005 /* StartView.swift in Sources */,
				B006 /* PracticeView.swift in Sources */,
				B007 /* ResultView.swift in Sources */,
				B008 /* HeartStageView.swift in Sources */,
				B009 /* CalendarView.swift in Sources */,
				B010 /* AppColors.swift in Sources */,
				B013 /* L10n.swift in Sources */,
				B014 /* LunarCalendarModel.swift in Sources */,
				B015 /* FreePlaySelectView.swift in Sources */,
				B016 /* FreePlayView.swift in Sources */,
				B017 /* MeritParticleScene.swift in Sources */,
				B018 /* KarmaParticleScene.swift in Sources */,
				B019 /* WatchHeartManager.swift in Sources */,
				);
			runOnlyForDeploymentPostprocessing = 0;
		};
/* End PBXSourcesBuildPhase section */

/* Begin XCBuildConfiguration section */
		BC00D /* Debug */ = {
			isa = XCBuildConfiguration;
			buildSettings = {
				ALWAYS_SEARCH_USER_PATHS = NO;
				ASSETCATALOG_COMPILER_GENERATE_SWIFT_ASSET_SYMBOL_EXTENSIONS = YES;
				CLANG_ANALYZER_NONNULL = YES;
				CLANG_ANALYZER_NUMBER_OBJECT_CONVERSION = YES_AGGRESSIVE;
				CLANG_CXX_LANGUAGE_STANDARD = "gnu++20";
				CLANG_ENABLE_MODULES = YES;
				CLANG_ENABLE_OBJC_ARC = YES;
				CLANG_ENABLE_OBJC_WEAK = YES;
				CLANG_WARN_BLOCK_CAPTURE_AUTORELEASING = YES;
				CLANG_WARN_BOOL_CONVERSION = YES;
				CLANG_WARN_COMMA = YES;
				CLANG_WARN_CONSTANT_CONVERSION = YES;
				CLANG_WARN_DEPRECATED_OBJC_IMPLEMENTATIONS = YES;
				CLANG_WARN_DIRECT_OBJC_ISA_USAGE = YES_ERROR;
				CLANG_WARN_DOCUMENTATION_COMMENTS = YES;
				CLANG_WARN_EMPTY_BODY = YES;
				CLANG_WARN_ENUM_CONVERSION = YES;
				CLANG_WARN_INFINITE_RECURSION = YES;
				CLANG_WARN_INT_CONVERSION = YES;
				CLANG_WARN_NON_LITERAL_NULL_CONVERSION = YES;
				CLANG_WARN_OBJC_IMPLICIT_RETAIN_SELF = YES;
				CLANG_WARN_OBJC_LITERAL_CONVERSION = YES;
				CLANG_WARN_OBJC_ROOT_CLASS = YES_ERROR;
				CLANG_WARN_QUOTED_INCLUDE_IN_FRAMEWORK_HEADER = YES;
				CLANG_WARN_RANGE_LOOP_ANALYSIS = YES;
				CLANG_WARN_STRICT_PROTOTYPES = YES;
				CLANG_WARN_SUSPICIOUS_MOVE = YES;
				CLANG_WARN_UNGUARDED_AVAILABILITY = YES_AGGRESSIVE;
				CLANG_WARN_UNREACHABLE_CODE = YES;
				CLANG_WARN__DUPLICATE_METHOD_MATCH = YES;
				COPY_PHASE_STRIP = NO;
				DEBUG_INFORMATION_FORMAT = dwarf;
				ENABLE_STRICT_OBJC_MSGSEND = YES;
				ENABLE_TESTABILITY = YES;
				ENABLE_USER_SCRIPT_SANDBOXING = YES;
				GCC_C_LANGUAGE_STANDARD = gnu17;
				GCC_DYNAMIC_NO_PIC = NO;
				GCC_NO_COMMON_BLOCKS = YES;
				GCC_OPTIMIZATION_LEVEL = 0;
				GCC_PREPROCESSOR_DEFINITIONS = (
					"DEBUG=1",
					"$(inherited)",
				);
				GCC_WARN_64_TO_32_BIT_CONVERSION = YES;
				GCC_WARN_ABOUT_RETURN_TYPE = YES_ERROR;
				GCC_WARN_UNDECLARED_SELECTOR = YES;
				GCC_WARN_UNINITIALIZED_AUTOS = YES_AGGRESSIVE;
				GCC_WARN_UNUSED_FUNCTION = YES;
				GCC_WARN_UNUSED_VARIABLE = YES;
				IPHONEOS_DEPLOYMENT_TARGET = 16.0;
				MTL_ENABLE_DEBUG_INFO = INCLUDE_SOURCE;
				MTL_FAST_MATH = YES;
				ONLY_ACTIVE_ARCH = YES;
				SDKROOT = iphoneos;
				SWIFT_ACTIVE_COMPILATION_CONDITIONS = "DEBUG $(inherited)";
				SWIFT_OPTIMIZATION_LEVEL = "-Onone";
			};
			name = Debug;
		};
		BC00R /* Release */ = {
			isa = XCBuildConfiguration;
			buildSettings = {
				ALWAYS_SEARCH_USER_PATHS = NO;
				ASSETCATALOG_COMPILER_GENERATE_SWIFT_ASSET_SYMBOL_EXTENSIONS = YES;
				CLANG_ANALYZER_NONNULL = YES;
				CLANG_ANALYZER_NUMBER_OBJECT_CONVERSION = YES_AGGRESSIVE;
				CLANG_CXX_LANGUAGE_STANDARD = "gnu++20";
				CLANG_ENABLE_MODULES = YES;
				CLANG_ENABLE_OBJC_ARC = YES;
				CLANG_ENABLE_OBJC_WEAK = YES;
				CLANG_WARN_BLOCK_CAPTURE_AUTORELEASING = YES;
				CLANG_WARN_BOOL_CONVERSION = YES;
				CLANG_WARN_COMMA = YES;
				CLANG_WARN_CONSTANT_CONVERSION = YES;
				CLANG_WARN_DEPRECATED_OBJC_IMPLEMENTATIONS = YES;
				CLANG_WARN_DIRECT_OBJC_ISA_USAGE = YES_ERROR;
				CLANG_WARN_DOCUMENTATION_COMMENTS = YES;
				CLANG_WARN_EMPTY_BODY = YES;
				CLANG_WARN_ENUM_CONVERSION = YES;
				CLANG_WARN_INFINITE_RECURSION = YES;
				CLANG_WARN_INT_CONVERSION = YES;
				CLANG_WARN_NON_LITERAL_NULL_CONVERSION = YES;
				CLANG_WARN_OBJC_IMPLICIT_RETAIN_SELF = YES;
				CLANG_WARN_OBJC_LITERAL_CONVERSION = YES;
				CLANG_WARN_OBJC_ROOT_CLASS = YES_ERROR;
				CLANG_WARN_QUOTED_INCLUDE_IN_FRAMEWORK_HEADER = YES;
				CLANG_WARN_RANGE_LOOP_ANALYSIS = YES;
				CLANG_WARN_STRICT_PROTOTYPES = YES;
				CLANG_WARN_SUSPICIOUS_MOVE = YES;
				CLANG_WARN_UNGUARDED_AVAILABILITY = YES_AGGRESSIVE;
				CLANG_WARN_UNREACHABLE_CODE = YES;
				CLANG_WARN__DUPLICATE_METHOD_MATCH = YES;
				COPY_PHASE_STRIP = NO;
				DEBUG_INFORMATION_FORMAT = "dwarf-with-dsym";
				ENABLE_NS_ASSERTIONS = NO;
				ENABLE_STRICT_OBJC_MSGSEND = YES;
				ENABLE_USER_SCRIPT_SANDBOXING = YES;
				GCC_C_LANGUAGE_STANDARD = gnu17;
				GCC_NO_COMMON_BLOCKS = YES;
				GCC_WARN_64_TO_32_BIT_CONVERSION = YES;
				GCC_WARN_ABOUT_RETURN_TYPE = YES_ERROR;
				GCC_WARN_UNDECLARED_SELECTOR = YES;
				GCC_WARN_UNINITIALIZED_AUTOS = YES_AGGRESSIVE;
				GCC_WARN_UNUSED_FUNCTION = YES;
				GCC_WARN_UNUSED_VARIABLE = YES;
				IPHONEOS_DEPLOYMENT_TARGET = 16.0;
				MTL_FAST_MATH = YES;
				SDKROOT = iphoneos;
				SWIFT_COMPILATION_MODE = wholemodule;
				VALIDATE_PRODUCT = YES;
			};
			name = Release;
		};
		BC01D /* Debug */ = {
			isa = XCBuildConfiguration;
			buildSettings = {
				ASSETCATALOG_COMPILER_APPICON_NAME = AppIcon;
				ASSETCATALOG_COMPILER_GLOBAL_ACCENT_COLOR_NAME = AccentColor;
				CODE_SIGN_STYLE = Automatic;
				CURRENT_PROJECT_VERSION = 1;
				DEVELOPMENT_ASSET_PATHS = "";
				ENABLE_PREVIEWS = YES;
				GENERATE_INFOPLIST_FILE = YES;
				INFOPLIST_KEY_CFBundleDisplayName = "집중의 순간";
				INFOPLIST_KEY_UIApplicationSceneManifest_Generation = YES;
				INFOPLIST_KEY_UIApplicationSupportsIndirectInputEvents = YES;
				INFOPLIST_KEY_UILaunchScreen_Generation = YES;
				INFOPLIST_KEY_UISupportedInterfaceOrientations_iPhone = UIInterfaceOrientationPortrait;
				IPHONEOS_DEPLOYMENT_TARGET = 16.0;
				LD_RUNPATH_SEARCH_PATHS = (
					"$(inherited)",
					"@executable_path/Frameworks",
				);
				MARKETING_VERSION = 1.0;
				PRODUCT_BUNDLE_IDENTIFIER = com.jipjung.sungan;
				PRODUCT_NAME = "$(TARGET_NAME)";
				SWIFT_EMIT_LOC_STRINGS = YES;
				SWIFT_VERSION = 5.0;
				TARGETED_DEVICE_FAMILY = 1;
			};
			name = Debug;
		};
		BC01R /* Release */ = {
			isa = XCBuildConfiguration;
			buildSettings = {
				ASSETCATALOG_COMPILER_APPICON_NAME = AppIcon;
				ASSETCATALOG_COMPILER_GLOBAL_ACCENT_COLOR_NAME = AccentColor;
				CODE_SIGN_STYLE = Automatic;
				CURRENT_PROJECT_VERSION = 1;
				DEVELOPMENT_ASSET_PATHS = "";
				ENABLE_PREVIEWS = YES;
				GENERATE_INFOPLIST_FILE = YES;
				INFOPLIST_KEY_CFBundleDisplayName = "집중의 순간";
				INFOPLIST_KEY_UIApplicationSceneManifest_Generation = YES;
				INFOPLIST_KEY_UIApplicationSupportsIndirectInputEvents = YES;
				INFOPLIST_KEY_UILaunchScreen_Generation = YES;
				INFOPLIST_KEY_UISupportedInterfaceOrientations_iPhone = UIInterfaceOrientationPortrait;
				IPHONEOS_DEPLOYMENT_TARGET = 16.0;
				LD_RUNPATH_SEARCH_PATHS = (
					"$(inherited)",
					"@executable_path/Frameworks",
				);
				MARKETING_VERSION = 1.0;
				PRODUCT_BUNDLE_IDENTIFIER = com.jipjung.sungan;
				PRODUCT_NAME = "$(TARGET_NAME)";
				SWIFT_EMIT_LOC_STRINGS = YES;
				SWIFT_VERSION = 5.0;
				TARGETED_DEVICE_FAMILY = 1;
			};
			name = Release;
		};
/* End XCBuildConfiguration section */

/* Begin XCConfigurationList section */
		BCL00 /* Build configuration list for PBXProject "JipjungSungan" */ = {
			isa = XCConfigurationList;
			buildConfigurations = (
				BC00D /* Debug */,
				BC00R /* Release */,
			);
			defaultConfigurationIsVisible = 0;
			defaultConfigurationName = Release;
		};
		BCL01 /* Build configuration list for PBXNativeTarget "JipjungSungan" */ = {
			isa = XCConfigurationList;
			buildConfigurations = (
				BC01D /* Debug */,
				BC01R /* Release */,
			);
			defaultConfigurationIsVisible = 0;
			defaultConfigurationName = Release;
		};
/* End XCConfigurationList section */
	};
	rootObject = PROJ01 /* Project object */;
}
